{"format_version":"1.0","provider_schemas":{"registry.terraform.io/ne4u/corex":{"provider":{"version":0,"block":{"attributes":{"host":{"type":"string","description":"Base URL of the coreX Manager API (e.g. https://corex.example.com).","description_kind":"plain","optional":true},"insecure":{"type":"bool","description":"Skip TLS certificate verification. Default false.","description_kind":"plain","optional":true},"password":{"type":"string","description":"OAuth2 password for authentication. Sensitive.","description_kind":"plain","optional":true,"sensitive":true},"token":{"type":"string","description":"Pre-issued JWT bearer token. Mutually exclusive with username/password. Sensitive.","description_kind":"plain","optional":true,"sensitive":true},"totp_code":{"type":"string","description":"TOTP code if 2FA is enabled. Sensitive.","description_kind":"plain","optional":true,"sensitive":true},"username":{"type":"string","description":"OAuth2 username for authentication. Mutually exclusive with token.","description_kind":"plain","optional":true}},"description_kind":"plain"}},"resource_schemas":{"corex_api_armor_api_key_list":{"version":0,"block":{"attributes":{"description":{"type":"string","description":"Description.","description_kind":"plain","optional":true},"entries":{"nested_type":{"attributes":{"id":{"type":"number","description":"Numeric ID assigned by coreX.","description_kind":"plain","computed":true},"note":{"type":"string","description":"Note for this entry.","description_kind":"plain","optional":true},"value":{"type":"string","description":"API key value.","description_kind":"plain","required":true,"sensitive":true}},"nesting_mode":"list"},"description":"API key entries.","description_kind":"plain","optional":true},"id":{"type":"number","description":"Numeric ID assigned by coreX.","description_kind":"plain","computed":true},"name":{"type":"string","description":"Key list name.","description_kind":"plain","required":true}},"description":"Manages an API Armor API key list in coreX Manager.","description_kind":"plain"}},"corex_api_armor_auth_policy":{"version":0,"block":{"attributes":{"api_key_header":{"type":"string","description":"API key header name.","description_kind":"plain","optional":true},"api_key_list_id":{"type":"number","description":"API key list ID.","description_kind":"plain","optional":true},"auth_type":{"type":"string","description":"Auth type (jwt, api_key, both).","description_kind":"plain","optional":true},"backend_ids":{"type":["list","number"],"description":"Backend IDs.","description_kind":"plain","optional":true},"enabled":{"type":"bool","description":"Whether the policy is enabled.","description_kind":"plain","optional":true},"id":{"type":"number","description":"Numeric ID assigned by coreX.","description_kind":"plain","computed":true},"jwt_algorithm":{"type":"string","description":"JWT algorithm.","description_kind":"plain","optional":true},"jwt_audience":{"type":"string","description":"Expected JWT audience.","description_kind":"plain","optional":true},"jwt_claim_headers":{"type":["list","string"],"description":"JWT claim headers to forward.","description_kind":"plain","optional":true},"jwt_issuer":{"type":"string","description":"Expected JWT issuer.","description_kind":"plain","optional":true},"jwt_jwks_url":{"type":"string","description":"JWKS URL for JWT verification.","description_kind":"plain","optional":true},"jwt_secret_env":{"type":"string","description":"Env var holding the JWT secret.","description_kind":"plain","optional":true},"listener_ids":{"type":["list","number"],"description":"Listener IDs.","description_kind":"plain","optional":true},"name":{"type":"string","description":"Policy name.","description_kind":"plain","required":true},"on_failure":{"type":"string","description":"On-failure action (block, challenge, log_only).","description_kind":"plain","optional":true}},"description":"Manages an API Armor auth policy in coreX Manager.","description_kind":"plain"}},"corex_api_armor_openapi_spec":{"version":0,"block":{"attributes":{"backend_ids":{"type":["list","number"],"description":"Backend IDs.","description_kind":"plain","optional":true},"enabled":{"type":"bool","description":"Whether the spec is enabled.","description_kind":"plain","computed":true},"id":{"type":"number","description":"Numeric ID assigned by coreX.","description_kind":"plain","computed":true},"listener_ids":{"type":["list","number"],"description":"Listener IDs.","description_kind":"plain","optional":true},"name":{"type":"string","description":"Spec name.","description_kind":"plain","required":true},"schema_count":{"type":"number","description":"Number of schemas extracted from the spec.","description_kind":"plain","computed":true},"spec":{"type":"string","description":"Raw OpenAPI spec text (JSON or YAML).","description_kind":"plain","required":true},"version":{"type":"string","description":"Spec version (computed by the API).","description_kind":"plain","computed":true}},"description":"Manages an API Armor OpenAPI spec in coreX Manager. No PUT endpoint exists, so changes force replacement.","description_kind":"plain"}},"corex_api_armor_settings":{"version":0,"block":{"attributes":{"api_armor_backend_ids":{"type":["list","number"],"description":"Backend IDs to protect when scope is backend/path.","description_kind":"plain","optional":true},"api_armor_enabled":{"type":"bool","description":"Master toggle for API Armor.","description_kind":"plain","optional":true},"api_armor_max_body_bytes":{"type":"number","description":"Max request body size for inspection (bytes).","description_kind":"plain","optional":true},"api_armor_module_enabled":{"type":"bool","description":"Use Rust Lua module (true) vs Lua fallback (false).","description_kind":"plain","optional":true},"api_armor_path_patterns":{"type":["list","string"],"description":"Path regex patterns to protect when scope is path.","description_kind":"plain","optional":true},"api_armor_profile_retention_days":{"type":"number","description":"Retention for behavioral profiles and anomalies (days).","description_kind":"plain","optional":true},"api_armor_profiling_learning_enabled":{"type":"bool","description":"Enable behavioral profile learning.","description_kind":"plain","optional":true},"api_armor_schema_learning_enabled":{"type":"bool","description":"Enable learned schema inference.","description_kind":"plain","optional":true},"api_armor_scope":{"type":"string","description":"API Armor scope: listener, backend, or path.","description_kind":"plain","optional":true},"id":{"type":"string","description":"Fixed singleton identifier.","description_kind":"plain","computed":true}},"description":"Manages the API Armor singleton settings in coreX Manager.","description_kind":"plain"}},"corex_asn_list":{"version":0,"block":{"attributes":{"description":{"type":"string","description":"Optional description.","description_kind":"plain","optional":true},"entries":{"nested_type":{"attributes":{"id":{"type":"number","description":"Numeric ID assigned by coreX.","description_kind":"plain","computed":true},"note":{"type":"string","description":"Optional note.","description_kind":"plain","optional":true},"value":{"type":"string","description":"Entry value.","description_kind":"plain","required":true}},"nesting_mode":"list"},"description":"Inline entries for this list. When set, replaces all existing entries.","description_kind":"plain","optional":true},"id":{"type":"number","description":"Numeric ID assigned by coreX.","description_kind":"plain","computed":true},"name":{"type":"string","description":"List name.","description_kind":"plain","required":true}},"description":"Manages an ASN security list in coreX Manager.","description_kind":"plain"}},"corex_asn_list_entry":{"version":0,"block":{"attributes":{"id":{"type":"number","description":"Numeric ID assigned by coreX.","description_kind":"plain","computed":true},"list_id":{"type":"number","description":"ID of the parent asn list.","description_kind":"plain","required":true},"note":{"type":"string","description":"Optional note.","description_kind":"plain","optional":true},"value":{"type":"string","description":"Entry value (ASN number).","description_kind":"plain","required":true}},"description":"Manages an entry in an ASN security list in coreX Manager.","description_kind":"plain"}},"corex_backend":{"version":0,"block":{"attributes":{"algorithm":{"type":"string","description":"Load balancing algorithm.","description_kind":"plain","optional":true},"balance_args":{"type":"string","description":"Balance algorithm arguments.","description_kind":"plain","optional":true},"client_ip_header":{"type":"string","description":"Client IP header name.","description_kind":"plain","optional":true},"cookie_name":{"type":"string","description":"Sticky session cookie name.","description_kind":"plain","optional":true},"haproxy_options":{"nested_type":{"attributes":{"directive":{"type":"string","description":"HAProxy directive.","description_kind":"plain","optional":true},"enabled":{"type":"bool","description":"Whether this option is enabled.","description_kind":"plain","optional":true},"target":{"type":"string","description":"Option target (frontend/backend/global).","description_kind":"plain","optional":true},"value":{"type":"string","description":"Directive value.","description_kind":"plain","optional":true}},"nesting_mode":"list"},"description":"Raw HAProxy options.","description_kind":"plain","optional":true},"health_check_enabled":{"type":"bool","description":"Enable health checks.","description_kind":"plain","optional":true},"health_check_interval":{"type":"number","description":"Health check interval in ms.","description_kind":"plain","optional":true},"health_check_method":{"type":"string","description":"Health check HTTP method.","description_kind":"plain","optional":true},"health_check_uri":{"type":"string","description":"Health check URI.","description_kind":"plain","optional":true},"host_header":{"type":"string","description":"Host header to send to backend.","description_kind":"plain","optional":true},"id":{"type":"number","description":"Numeric ID assigned by coreX.","description_kind":"plain","computed":true},"mode":{"type":"string","description":"HAProxy mode (tcp/http).","description_kind":"plain","required":true},"name":{"type":"string","description":"Backend name.","description_kind":"plain","required":true},"protocol":{"type":"string","description":"Backend protocol.","description_kind":"plain","optional":true},"redispatch":{"type":"bool","description":"Enable redispatch to another server on failure.","description_kind":"plain","optional":true},"resolvers":{"type":"string","description":"DNS resolvers to use.","description_kind":"plain","optional":true},"restore_client_ip":{"type":"bool","description":"Restore client IP (PROXY protocol).","description_kind":"plain","optional":true},"retries":{"type":"number","description":"Number of retries on connection failure.","description_kind":"plain","optional":true},"stick_table":{"type":"bool","description":"Enable stick table.","description_kind":"plain","optional":true},"stick_table_expire":{"type":"string","description":"Stick table expiration.","description_kind":"plain","optional":true},"stick_table_size":{"type":"string","description":"Stick table size.","description_kind":"plain","optional":true},"stick_table_type":{"type":"string","description":"Stick table type.","description_kind":"plain","optional":true},"sticky_sessions":{"type":"bool","description":"Enable sticky sessions.","description_kind":"plain","optional":true}},"description":"Manages a backend pool in coreX Manager.","description_kind":"plain"}},"corex_backend_rule":{"version":0,"block":{"attributes":{"backend_id":{"type":"number","description":"ID of the backend to route to.","description_kind":"plain","required":true},"condition_name":{"type":"string","description":"Top-level condition name.","description_kind":"plain","optional":true},"condition_type":{"type":"string","description":"Top-level condition type.","description_kind":"plain","optional":true},"conditions":{"nested_type":{"attributes":{"condition_name":{"type":"string","description":"Condition name.","description_kind":"plain","optional":true},"condition_type":{"type":"string","description":"Condition type.","description_kind":"plain","optional":true},"join":{"type":"string","description":"Join operator with the next condition (and/or).","description_kind":"plain","optional":true},"operator":{"type":"string","description":"Condition operator.","description_kind":"plain","optional":true},"value":{"type":"string","description":"Condition value.","description_kind":"plain","optional":true}},"nesting_mode":"list"},"description":"List of conditions for this rule.","description_kind":"plain","optional":true},"enabled":{"type":"bool","description":"Whether this rule is enabled.","description_kind":"plain","optional":true},"id":{"type":"number","description":"Numeric ID assigned by coreX.","description_kind":"plain","computed":true},"listener_id":{"type":"number","description":"ID of the listener this rule applies to.","description_kind":"plain","required":true},"name":{"type":"string","description":"Rule name.","description_kind":"plain","optional":true},"operator":{"type":"string","description":"Top-level condition operator.","description_kind":"plain","optional":true},"priority":{"type":"number","description":"Rule priority (lower is evaluated first).","description_kind":"plain","optional":true},"value":{"type":"string","description":"Top-level condition value.","description_kind":"plain","optional":true}},"description":"Manages a backend routing rule in coreX Manager.","description_kind":"plain"}},"corex_cache_config":{"version":0,"block":{"attributes":{"backend_id":{"type":"number","description":"Backend ID this cache config belongs to.","description_kind":"plain","required":true},"disk_cache_enabled":{"type":"bool","description":"Enable disk cache.","description_kind":"plain","optional":true},"disk_cache_max_age":{"type":"number","description":"Disk cache max age in seconds.","description_kind":"plain","optional":true},"disk_cache_max_size":{"type":"number","description":"Disk cache max size in bytes.","description_kind":"plain","optional":true},"disk_cache_path":{"type":"string","description":"Disk cache path.","description_kind":"plain","optional":true},"haproxy_cache_max_age":{"type":"number","description":"HAProxy cache max age in seconds.","description_kind":"plain","optional":true},"haproxy_cache_size":{"type":"number","description":"HAProxy cache size in bytes.","description_kind":"plain","optional":true},"haproxy_cache_vary":{"type":["list","string"],"description":"HAProxy cache vary headers.","description_kind":"plain","optional":true},"haproxy_enabled":{"type":"bool","description":"Enable HAProxy cache.","description_kind":"plain","optional":true},"id":{"type":"number","description":"Numeric ID assigned by coreX.","description_kind":"plain","computed":true},"rfc7234_compliance":{"type":"bool","description":"Enable RFC 7234 compliance.","description_kind":"plain","optional":true}},"description":"Manages a cache configuration for a backend in coreX Manager.","description_kind":"plain"}},"corex_cache_rule":{"version":0,"block":{"attributes":{"action":{"type":"string","description":"Action to take on match.","description_kind":"plain","optional":true},"cache_config_id":{"type":"number","description":"Cache config ID this rule belongs to.","description_kind":"plain","required":true},"enabled":{"type":"bool","description":"Whether this rule is enabled.","description_kind":"plain","optional":true},"id":{"type":"number","description":"Numeric ID assigned by coreX.","description_kind":"plain","computed":true},"match_type":{"type":"string","description":"Match type for the rule.","description_kind":"plain","optional":true},"pattern":{"type":"string","description":"Pattern to match.","description_kind":"plain","optional":true},"priority":{"type":"number","description":"Rule priority.","description_kind":"plain","optional":true},"tier":{"type":"string","description":"Cache tier.","description_kind":"plain","optional":true}},"description":"Manages a cache rule for a backend's cache config in coreX Manager.","description_kind":"plain"}},"corex_captcha_key":{"version":0,"block":{"attributes":{"config":{"type":["map","string"],"description":"Provider-specific key configuration.","description_kind":"plain","optional":true},"id":{"type":"string","description":"Site key (used as the resource identifier).","description_kind":"plain","computed":true},"provider_name":{"type":"string","description":"Captcha provider.","description_kind":"plain","optional":true},"secret":{"type":"string","description":"Secret key generated by the Cap service. Only returned during creation; store it securely.","description_kind":"plain","computed":true,"sensitive":true},"site_key":{"type":"string","description":"Cap site key.","description_kind":"plain","computed":true}},"description":"Manages a CAPTCHA site key in coreX Manager (via the Cap service proxy).","description_kind":"plain"}},"corex_captcha_settings":{"version":0,"block":{"attributes":{"cap_secret":{"type":"string","description":"Cap secret.","description_kind":"plain","optional":true,"sensitive":true},"cap_site_key":{"type":"string","description":"Cap site key.","description_kind":"plain","optional":true},"captcha_provider":{"type":"string","description":"Captcha provider (cap, recaptcha, turnstile).","description_kind":"plain","optional":true},"captcha_valid_seconds":{"type":"number","description":"Captcha validity in seconds.","description_kind":"plain","optional":true},"challenge_url":{"type":"string","description":"Challenge URL.","description_kind":"plain","optional":true},"id":{"type":"string","description":"Fixed singleton identifier.","description_kind":"plain","computed":true},"proxy_path":{"type":"string","description":"Proxy path.","description_kind":"plain","optional":true},"recaptcha_secret":{"type":"string","description":"reCAPTCHA secret.","description_kind":"plain","optional":true,"sensitive":true},"recaptcha_site_key":{"type":"string","description":"reCAPTCHA site key.","description_kind":"plain","optional":true},"turnstile_secret":{"type":"string","description":"Turnstile secret.","description_kind":"plain","optional":true,"sensitive":true},"turnstile_site_key":{"type":"string","description":"Turnstile site key.","description_kind":"plain","optional":true}},"description":"Manages the CAPTCHA singleton settings in coreX Manager.","description_kind":"plain"}},"corex_certificate":{"version":0,"block":{"attributes":{"acme_ca":{"type":"string","description":"ACME CA directory URL.","description_kind":"plain","optional":true},"acme_challenge":{"type":"string","description":"ACME challenge type.","description_kind":"plain","optional":true},"auto_renew":{"type":"bool","description":"Whether to auto-renew the certificate.","description_kind":"plain","optional":true},"chain":{"type":"string","description":"Intermediate certificate chain (PEM).","description_kind":"plain","optional":true,"sensitive":true},"dns_credentials":{"type":["map","string"],"description":"DNS provider credentials.","description_kind":"plain","optional":true,"sensitive":true},"dns_provider":{"type":"string","description":"DNS provider for DNS-01 challenge.","description_kind":"plain","optional":true},"domain":{"type":"string","description":"Domain name for the certificate.","description_kind":"plain","required":true},"email":{"type":"string","description":"Email used for ACME registration.","description_kind":"plain","optional":true},"fullchain":{"type":"string","description":"Full certificate chain (PEM).","description_kind":"plain","optional":true,"sensitive":true},"id":{"type":"number","description":"Numeric ID assigned by coreX.","description_kind":"plain","computed":true},"is_wildcard":{"type":"bool","description":"Whether the certificate is a wildcard.","description_kind":"plain","optional":true},"key":{"type":"string","description":"Certificate private key (PEM).","description_kind":"plain","optional":true,"sensitive":true},"key_type":{"type":"string","description":"Key type (e.g. rsa, ecdsa).","description_kind":"plain","optional":true},"kind":{"type":"string","description":"Certificate kind (e.g. letsencrypt, manual).","description_kind":"plain","optional":true},"name":{"type":"string","description":"Certificate name.","description_kind":"plain","required":true},"provider_name":{"type":"string","description":"Certificate provider.","description_kind":"plain","optional":true}},"description":"Manages a TLS certificate in coreX Manager.","description_kind":"plain"}},"corex_cipher_suite":{"version":0,"block":{"attributes":{"baseline":{"type":"string","description":"Baseline profile name.","description_kind":"plain","optional":true},"ciphers":{"type":"string","description":"Cipher list string.","description_kind":"plain","optional":true},"hsts_enabled":{"type":"bool","description":"Enable HSTS.","description_kind":"plain","optional":true},"hsts_include_subdomains":{"type":"bool","description":"HSTS include subdomains.","description_kind":"plain","optional":true},"hsts_max_age":{"type":"number","description":"HSTS max age in seconds.","description_kind":"plain","optional":true},"hsts_preload":{"type":"bool","description":"HSTS preload.","description_kind":"plain","optional":true},"id":{"type":"number","description":"Numeric ID assigned by coreX.","description_kind":"plain","computed":true},"min_tls_version":{"type":"string","description":"Minimum TLS version.","description_kind":"plain","optional":true},"name":{"type":"string","description":"Cipher suite name.","description_kind":"plain","required":true},"quantum_safe":{"type":"bool","description":"Enable quantum-safe ciphers.","description_kind":"plain","optional":true},"tls_options":{"type":["list","string"],"description":"Raw TLS options.","description_kind":"plain","optional":true}},"description":"Manages a TLS cipher suite configuration in coreX Manager.","description_kind":"plain"}},"corex_dynamic_feed":{"version":0,"block":{"attributes":{"auto_apply":{"type":"bool","description":"Whether to auto-apply feed updates.","description_kind":"plain","optional":true},"description":{"type":"string","description":"Optional description.","description_kind":"plain","optional":true},"enabled":{"type":"bool","description":"Whether the feed is enabled.","description_kind":"plain","optional":true},"id":{"type":"number","description":"Numeric ID assigned by coreX.","description_kind":"plain","computed":true},"list_type":{"type":"string","description":"Target list type (network, asn, geo, ja4, pattern).","description_kind":"plain","required":true},"name":{"type":"string","description":"Feed name.","description_kind":"plain","required":true},"target_list_id":{"type":"number","description":"ID of the target security list.","description_kind":"plain","optional":true},"update_interval_hours":{"type":"number","description":"Update interval in hours.","description_kind":"plain","optional":true},"url":{"type":"string","description":"Feed URL.","description_kind":"plain","required":true}},"description":"Manages a dynamic feed that populates a security list in coreX Manager.","description_kind":"plain"}},"corex_error_page":{"version":0,"block":{"attributes":{"code":{"type":"number","description":"HTTP status code for the error page.","description_kind":"plain","required":true},"content":{"type":"string","description":"Error page content.","description_kind":"plain","required":true},"content_type":{"type":"string","description":"Content-Type header value.","description_kind":"plain","optional":true},"id":{"type":"number","description":"Numeric ID assigned by coreX.","description_kind":"plain","computed":true},"listener_id":{"type":"number","description":"Listener ID the error page is attached to.","description_kind":"plain","optional":true},"listener_ids":{"type":["list","number"],"description":"Listener IDs the error page applies to.","description_kind":"plain","optional":true}},"description":"Manages a custom error page in coreX Manager.","description_kind":"plain"}},"corex_fcgi_app":{"version":0,"block":{"attributes":{"description":{"type":"string","description":"Application description.","description_kind":"plain","optional":true},"docroot":{"type":"string","description":"Document root.","description_kind":"plain","optional":true},"id":{"type":"number","description":"Numeric ID assigned by coreX.","description_kind":"plain","computed":true},"index":{"type":"string","description":"Index file.","description_kind":"plain","optional":true},"keep_conn":{"type":"bool","description":"Keep FastCGI connections alive.","description_kind":"plain","optional":true},"max_reqs":{"type":"number","description":"Maximum requests per connection.","description_kind":"plain","optional":true},"mpxs_conns":{"type":"bool","description":"Enable multiplexed connections.","description_kind":"plain","optional":true},"name":{"type":"string","description":"FastCGI application name.","description_kind":"plain","required":true},"params":{"nested_type":{"attributes":{"name":{"type":"string","description":"Parameter name.","description_kind":"plain","required":true},"value":{"type":"string","description":"Parameter value.","description_kind":"plain","optional":true}},"nesting_mode":"list"},"description":"FastCGI parameters.","description_kind":"plain","optional":true},"path_info":{"type":"string","description":"PATH_INFO value.","description_kind":"plain","optional":true}},"description":"Manages a FastCGI application in coreX Manager.","description_kind":"plain"}},"corex_geo_list":{"version":0,"block":{"attributes":{"description":{"type":"string","description":"Optional description.","description_kind":"plain","optional":true},"entries":{"nested_type":{"attributes":{"id":{"type":"number","description":"Numeric ID assigned by coreX.","description_kind":"plain","computed":true},"note":{"type":"string","description":"Optional note.","description_kind":"plain","optional":true},"value":{"type":"string","description":"Entry value.","description_kind":"plain","required":true}},"nesting_mode":"list"},"description":"Inline entries for this list. When set, replaces all existing entries.","description_kind":"plain","optional":true},"id":{"type":"number","description":"Numeric ID assigned by coreX.","description_kind":"plain","computed":true},"name":{"type":"string","description":"List name.","description_kind":"plain","required":true}},"description":"Manages a geo security list in coreX Manager.","description_kind":"plain"}},"corex_geo_list_entry":{"version":0,"block":{"attributes":{"id":{"type":"number","description":"Numeric ID assigned by coreX.","description_kind":"plain","computed":true},"list_id":{"type":"number","description":"ID of the parent geo list.","description_kind":"plain","required":true},"note":{"type":"string","description":"Optional note.","description_kind":"plain","optional":true},"value":{"type":"string","description":"Entry value (country code).","description_kind":"plain","required":true}},"description":"Manages an entry in a geo security list in coreX Manager.","description_kind":"plain"}},"corex_global_options":{"version":0,"block":{"attributes":{"id":{"type":"string","description":"Fixed singleton identifier.","description_kind":"plain","computed":true},"options":{"nested_type":{"attributes":{"directive":{"type":"string","description":"HAProxy directive.","description_kind":"plain","optional":true},"enabled":{"type":"bool","description":"Whether this option is enabled.","description_kind":"plain","optional":true},"target":{"type":"string","description":"Option target (global).","description_kind":"plain","optional":true},"value":{"type":"string","description":"Directive value.","description_kind":"plain","optional":true}},"nesting_mode":"list"},"description":"Global HAProxy options.","description_kind":"plain","required":true}},"description":"Manages the global HAProxy options list in coreX Manager (singleton).","description_kind":"plain"}},"corex_ha_config":{"version":0,"block":{"attributes":{"coraza_ha_replicas":{"type":"number","description":"Number of Coraza HA replicas.","description_kind":"plain","optional":true},"ha_enabled":{"type":"bool","description":"Master toggle for HA.","description_kind":"plain","optional":true},"ha_topology":{"type":"string","description":"HA topology (single, active-passive, active-active).","description_kind":"plain","optional":true},"haproxy_ha_replicas":{"type":"number","description":"Number of HAProxy HA replicas.","description_kind":"plain","optional":true},"haproxy_instances":{"nested_type":{"attributes":{"name":{"type":"string","description":"Instance name.","description_kind":"plain","optional":true},"password":{"type":"string","description":"Data Plane API password.","description_kind":"plain","optional":true,"sensitive":true},"url":{"type":"string","description":"Data Plane API URL.","description_kind":"plain","optional":true},"user":{"type":"string","description":"Data Plane API user.","description_kind":"plain","optional":true}},"nesting_mode":"list"},"description":"HAProxy instances with Data Plane API endpoints.","description_kind":"plain","optional":true},"haproxy_peer_port":{"type":"number","description":"HAProxy peer port.","description_kind":"plain","optional":true},"id":{"type":"string","description":"Fixed singleton identifier.","description_kind":"plain","computed":true},"keepalived":{"nested_type":{"attributes":{"advert_int":{"type":"number","description":"Advertisement interval (seconds).","description_kind":"plain","optional":true},"auth_password":{"type":"string","description":"Keepalived auth password.","description_kind":"plain","optional":true,"sensitive":true},"interface":{"type":"string","description":"Network interface.","description_kind":"plain","optional":true},"peer_addresses":{"type":["list","string"],"description":"Peer addresses.","description_kind":"plain","optional":true},"preempt":{"type":"bool","description":"Whether to preempt.","description_kind":"plain","optional":true},"priority":{"type":"number","description":"Priority.","description_kind":"plain","optional":true},"track_script":{"type":"string","description":"Track script name.","description_kind":"plain","optional":true},"vip":{"type":"string","description":"Virtual IP.","description_kind":"plain","optional":true},"virtual_router_id":{"type":"number","description":"Virtual router ID.","description_kind":"plain","optional":true}},"nesting_mode":"single"},"description":"Keepalived configuration.","description_kind":"plain","optional":true},"swarm_mode":{"type":"bool","description":"Whether swarm mode is active.","description_kind":"plain","optional":true},"valkey_ha_replicas":{"type":"number","description":"Number of Valkey HA replicas.","description_kind":"plain","optional":true},"valkey_sentinel_enabled":{"type":"bool","description":"Enable Valkey sentinel.","description_kind":"plain","optional":true},"valkey_sentinel_hosts":{"type":["list","string"],"description":"Valkey sentinel hosts.","description_kind":"plain","optional":true},"valkey_sentinel_service":{"type":"string","description":"Valkey sentinel service name.","description_kind":"plain","optional":true}},"description":"Manages the High Availability singleton configuration in coreX Manager.","description_kind":"plain"}},"corex_ja4_list":{"version":0,"block":{"attributes":{"description":{"type":"string","description":"Optional description.","description_kind":"plain","optional":true},"entries":{"nested_type":{"attributes":{"id":{"type":"number","description":"Numeric ID assigned by coreX.","description_kind":"plain","computed":true},"note":{"type":"string","description":"Optional note.","description_kind":"plain","optional":true},"value":{"type":"string","description":"Entry value.","description_kind":"plain","required":true}},"nesting_mode":"list"},"description":"Inline entries for this list. When set, replaces all existing entries.","description_kind":"plain","optional":true},"id":{"type":"number","description":"Numeric ID assigned by coreX.","description_kind":"plain","computed":true},"name":{"type":"string","description":"List name.","description_kind":"plain","required":true}},"description":"Manages a JA4 fingerprint security list in coreX Manager.","description_kind":"plain"}},"corex_ja4_list_entry":{"version":0,"block":{"attributes":{"id":{"type":"number","description":"Numeric ID assigned by coreX.","description_kind":"plain","computed":true},"list_id":{"type":"number","description":"ID of the parent ja4 list.","description_kind":"plain","required":true},"note":{"type":"string","description":"Optional note.","description_kind":"plain","optional":true},"value":{"type":"string","description":"Entry value (JA4 fingerprint).","description_kind":"plain","required":true}},"description":"Manages an entry in a JA4 fingerprint security list in coreX Manager.","description_kind":"plain"}},"corex_listener":{"version":0,"block":{"attributes":{"alpn":{"type":"string","description":"ALPN protocols to negotiate.","description_kind":"plain","optional":true},"bind_address":{"type":"string","description":"Address to bind to.","description_kind":"plain","required":true},"bind_port":{"type":"number","description":"Port to bind to.","description_kind":"plain","required":true},"certificate_id":{"type":"number","description":"ID of the primary certificate to use.","description_kind":"plain","optional":true},"certificate_ids":{"type":["list","number"],"description":"List of certificate IDs to use (SNI).","description_kind":"plain","optional":true},"default_backend_id":{"type":"number","description":"ID of the default backend for this listener.","description_kind":"plain","optional":true},"enabled":{"type":"bool","description":"Whether this listener is enabled.","description_kind":"plain","optional":true},"force_https":{"type":"bool","description":"Force redirect to HTTPS.","description_kind":"plain","optional":true},"http2":{"type":"bool","description":"Enable HTTP/2.","description_kind":"plain","optional":true},"id":{"type":"number","description":"Numeric ID assigned by coreX.","description_kind":"plain","computed":true},"mode":{"type":"string","description":"HAProxy mode (tcp/http).","description_kind":"plain","required":true},"name":{"type":"string","description":"Listener name.","description_kind":"plain","required":true},"protocol":{"type":"string","description":"Listener protocol.","description_kind":"plain","optional":true},"proxy_protocol":{"type":"bool","description":"Enable PROXY protocol on the listener.","description_kind":"plain","optional":true},"quic":{"type":"bool","description":"Enable QUIC/HTTP3.","description_kind":"plain","optional":true},"ssl_enabled":{"type":"bool","description":"Enable SSL/TLS on this listener.","description_kind":"plain","optional":true}},"description":"Manages a listener (frontend bind) in coreX Manager.","description_kind":"plain"}},"corex_log_destination":{"version":0,"block":{"attributes":{"enabled":{"type":"bool","description":"Whether this log destination is enabled.","description_kind":"plain","optional":true},"facility":{"type":"string","description":"Syslog facility.","description_kind":"plain","optional":true},"format":{"type":"string","description":"Log format.","description_kind":"plain","optional":true},"id":{"type":"number","description":"Numeric ID assigned by coreX.","description_kind":"plain","computed":true},"level":{"type":"string","description":"Log level.","description_kind":"plain","optional":true},"listener_id":{"type":"number","description":"Listener ID this log destination belongs to.","description_kind":"plain","required":true},"name":{"type":"string","description":"Log destination name.","description_kind":"plain","required":true},"target":{"type":"string","description":"Log target (e.g. syslog server).","description_kind":"plain","optional":true}},"description":"Manages a log destination attached to a listener in coreX Manager.","description_kind":"plain"}},"corex_logged_field":{"version":0,"block":{"attributes":{"enabled":{"type":"bool","description":"Whether this logged field is enabled.","description_kind":"plain","optional":true},"field":{"type":"string","description":"Field to log.","description_kind":"plain","optional":true},"id":{"type":"number","description":"Numeric ID assigned by coreX.","description_kind":"plain","computed":true},"listener_id":{"type":"number","description":"Listener ID this logged field belongs to.","description_kind":"plain","required":true},"name":{"type":"string","description":"Logged field name.","description_kind":"plain","required":true}},"description":"Manages a logged field attached to a listener in coreX Manager.","description_kind":"plain"}},"corex_maxmind_license_key":{"version":0,"block":{"attributes":{"id":{"type":"string","description":"Fixed singleton ID for the MaxMind license key.","description_kind":"plain","computed":true},"value":{"type":"string","description":"MaxMind license key.","description_kind":"plain","required":true,"sensitive":true}},"description":"Manages the MaxMind license key setting in coreX Manager.","description_kind":"plain"}},"corex_mcp_alert_config":{"version":0,"block":{"attributes":{"id":{"type":"string","description":"Singleton identifier, always \"mcp-alerts\".","description_kind":"plain","computed":true},"thresholds":{"type":["map","number"],"description":"Alert thresholds (event_type → count).","description_kind":"plain","optional":true},"webhook_url":{"type":"string","description":"Webhook URL for alert notifications.","description_kind":"plain","optional":true}},"description":"Manages the MCP alert configuration (singleton) in coreX Manager.","description_kind":"plain"}},"corex_mcp_dlp_rule":{"version":0,"block":{"attributes":{"action":{"type":"string","description":"Action: block, redact, or tokenize.","description_kind":"plain","optional":true},"apply_to":{"type":"string","description":"Apply to: json_strings or all_text.","description_kind":"plain","optional":true},"detector":{"type":"string","description":"Detector type: email, phone, ssn, credit_card, ip, aws_key, private_key, github_token, slack_token, or custom.","description_kind":"plain","required":true},"direction":{"type":"string","description":"Direction: request, response, or both.","description_kind":"plain","optional":true},"enabled":{"type":"bool","description":"Whether the rule is enabled.","description_kind":"plain","optional":true},"find_regex":{"type":"string","description":"Custom regex pattern (for custom detector).","description_kind":"plain","optional":true},"id":{"type":"number","description":"Numeric ID assigned by coreX.","description_kind":"plain","computed":true},"name":{"type":"string","description":"DLP rule name.","description_kind":"plain","required":true},"priority":{"type":"number","description":"Rule priority (assigned by server).","description_kind":"plain","computed":true},"team_id":{"type":"number","description":"Team ID that owns this DLP rule.","description_kind":"plain","required":true},"token_prefix":{"type":"string","description":"Token prefix for tokenize action.","description_kind":"plain","optional":true},"token_ttl":{"type":"number","description":"Token TTL in seconds for tokenize action.","description_kind":"plain","optional":true}},"description":"Manages an MCP gateway DLP rule in coreX Manager.","description_kind":"plain"}},"corex_mcp_guardrail":{"version":0,"block":{"attributes":{"action":{"type":"string","description":"Action: block, redact, or log.","description_kind":"plain","optional":true},"direction":{"type":"string","description":"Direction: request, response, or both.","description_kind":"plain","optional":true},"enabled":{"type":"bool","description":"Whether the guardrail is enabled.","description_kind":"plain","optional":true},"find_regex":{"type":"string","description":"Custom regex pattern (for custom pack).","description_kind":"plain","optional":true},"id":{"type":"number","description":"Numeric ID assigned by coreX.","description_kind":"plain","computed":true},"name":{"type":"string","description":"Guardrail name.","description_kind":"plain","required":true},"pack":{"type":"string","description":"Guardrail pack: builtin:jailbreak_v1, builtin:instruction_override, builtin:obfuscation, or custom.","description_kind":"plain","optional":true},"priority":{"type":"number","description":"Guardrail priority (assigned by server).","description_kind":"plain","computed":true},"team_id":{"type":"number","description":"Team ID that owns this guardrail.","description_kind":"plain","required":true}},"description":"Manages an MCP gateway guardrail in coreX Manager.","description_kind":"plain"}},"corex_mcp_identity":{"version":0,"block":{"attributes":{"description":{"type":"string","description":"Identity description.","description_kind":"plain","optional":true},"enabled":{"type":"bool","description":"Whether the identity is enabled.","description_kind":"plain","optional":true},"expires_at":{"type":"string","description":"Expiration timestamp (ISO 8601).","description_kind":"plain","optional":true},"id":{"type":"number","description":"Numeric ID assigned by coreX.","description_kind":"plain","computed":true},"idp_external_id":{"type":"string","description":"External ID from the identity provider.","description_kind":"plain","optional":true},"idp_source":{"type":"string","description":"Identity provider source: manual or auth0.","description_kind":"plain","optional":true},"idp_user_info":{"type":"string","description":"JSON-encoded user info from the identity provider.","description_kind":"plain","optional":true},"jwt_audience":{"type":"string","description":"JWT audience.","description_kind":"plain","optional":true},"jwt_issuer":{"type":"string","description":"JWT issuer.","description_kind":"plain","optional":true},"jwt_jwks_url":{"type":"string","description":"JWT JWKS URL.","description_kind":"plain","optional":true},"kind":{"type":"string","description":"Identity kind: pat or jwt.","description_kind":"plain","optional":true},"last_used_at":{"type":"string","description":"Last time this identity was used.","description_kind":"plain","computed":true},"name":{"type":"string","description":"Identity name.","description_kind":"plain","required":true},"pat_prefix":{"type":"string","description":"PAT prefix (shown once on creation).","description_kind":"plain","computed":true},"subject":{"type":"string","description":"Subject identifier.","description_kind":"plain","optional":true},"team_id":{"type":"number","description":"Team ID that owns this identity.","description_kind":"plain","required":true}},"description":"Manages an MCP gateway identity (PAT or JWT) in coreX Manager.","description_kind":"plain"}},"corex_mcp_policy":{"version":0,"block":{"attributes":{"action":{"type":"string","description":"Policy action: allow, deny, skip_dlp, or skip_ratelimit.","description_kind":"plain","optional":true},"enabled":{"type":"bool","description":"Whether the policy is enabled.","description_kind":"plain","optional":true},"expression":{"type":"string","description":"Policy expression (CEL or similar).","description_kind":"plain","required":true},"expression_ast":{"type":"string","description":"JSON-encoded AST of the expression.","description_kind":"plain","computed":true},"id":{"type":"number","description":"Numeric ID assigned by coreX.","description_kind":"plain","computed":true},"log":{"type":"bool","description":"Whether to log policy matches.","description_kind":"plain","optional":true},"name":{"type":"string","description":"Policy name.","description_kind":"plain","required":true},"no_log":{"type":"bool","description":"Suppress logging for this policy.","description_kind":"plain","optional":true},"priority":{"type":"number","description":"Policy priority (assigned by server).","description_kind":"plain","computed":true},"team_id":{"type":"number","description":"Team ID that owns this policy.","description_kind":"plain","required":true}},"description":"Manages an MCP gateway access policy in coreX Manager.","description_kind":"plain"}},"corex_mcp_server":{"version":0,"block":{"attributes":{"args":{"type":["list","string"],"description":"Command arguments (for stdio transport).","description_kind":"plain","optional":true},"auth_header":{"type":"string","description":"Auth header name (for header auth type).","description_kind":"plain","optional":true},"auth_secret":{"type":"string","description":"Auth secret/token (write-only, never returned).","description_kind":"plain","optional":true,"sensitive":true},"auth_type":{"type":"string","description":"Auth type: none, bearer, header, or oauth.","description_kind":"plain","optional":true},"command":{"type":"string","description":"Command to run (for stdio transport).","description_kind":"plain","optional":true},"description":{"type":"string","description":"Server description.","description_kind":"plain","optional":true},"display_name":{"type":"string","description":"Human-friendly display name.","description_kind":"plain","optional":true},"enabled":{"type":"bool","description":"Whether the server is enabled.","description_kind":"plain","optional":true},"env_var_names":{"type":["list","string"],"description":"Names of configured env vars.","description_kind":"plain","computed":true},"env_vars":{"type":["map","string"],"description":"Environment variables (write-only, never returned).","description_kind":"plain","optional":true,"sensitive":true},"has_env_vars":{"type":"bool","description":"Whether env vars are configured.","description_kind":"plain","computed":true},"has_secret":{"type":"bool","description":"Whether a secret is configured.","description_kind":"plain","computed":true},"health_status":{"type":"string","description":"Last health check status.","description_kind":"plain","computed":true},"id":{"type":"number","description":"Numeric ID assigned by coreX.","description_kind":"plain","computed":true},"installed_version":{"type":"string","description":"Installed package version.","description_kind":"plain","computed":true},"last_catalog_at":{"type":"string","description":"Last time the server catalog was refreshed.","description_kind":"plain","computed":true},"last_error":{"type":"string","description":"Last health check error message.","description_kind":"plain","computed":true},"last_seen_at":{"type":"string","description":"Last time the server was seen healthy.","description_kind":"plain","computed":true},"max_body_bytes":{"type":"number","description":"Max request body size in bytes.","description_kind":"plain","optional":true},"name":{"type":"string","description":"Server name.","description_kind":"plain","required":true},"namespace":{"type":"string","description":"Server namespace for tool/resource/prompt namespacing.","description_kind":"plain","optional":true},"oauth_auth_server_metadata_url":{"type":"string","description":"OAuth authorization server metadata URL.","description_kind":"plain","optional":true},"oauth_auth_status":{"type":"string","description":"OAuth authorization status.","description_kind":"plain","computed":true},"oauth_client_id":{"type":"string","description":"OAuth client ID.","description_kind":"plain","optional":true},"oauth_client_secret":{"type":"string","description":"OAuth client secret (write-only, never returned).","description_kind":"plain","optional":true,"sensitive":true},"oauth_enabled":{"type":"bool","description":"Whether upstream OAuth is enabled.","description_kind":"plain","optional":true},"oauth_protected_resource_metadata_url":{"type":"string","description":"OAuth protected resource metadata URL.","description_kind":"plain","optional":true},"oauth_scopes":{"type":"string","description":"OAuth scopes.","description_kind":"plain","optional":true},"package_manager":{"type":"string","description":"Package manager for marketplace installs (npm or pypi).","description_kind":"plain","optional":true},"source_package_name":{"type":"string","description":"Source package name for marketplace installs.","description_kind":"plain","optional":true},"team_id":{"type":"number","description":"Team ID that owns this server.","description_kind":"plain","required":true},"timeout_ms":{"type":"number","description":"Request timeout in milliseconds.","description_kind":"plain","optional":true},"transport_type":{"type":"string","description":"Transport type: streamable_http or stdio.","description_kind":"plain","optional":true},"url":{"type":"string","description":"Upstream MCP server URL (for streamable_http transport).","description_kind":"plain","optional":true},"verify_tls":{"type":"bool","description":"Verify upstream TLS certificate.","description_kind":"plain","optional":true}},"description":"Manages an MCP gateway server in coreX Manager.","description_kind":"plain"}},"corex_mcp_server_replica":{"version":0,"block":{"attributes":{"enabled":{"type":"bool","description":"Whether the replica is enabled.","description_kind":"plain","optional":true},"id":{"type":"number","description":"Numeric ID assigned by coreX.","description_kind":"plain","computed":true},"server_id":{"type":"number","description":"Parent MCP server ID.","description_kind":"plain","required":true},"url":{"type":"string","description":"Replica upstream URL.","description_kind":"plain","required":true},"verify_tls":{"type":"bool","description":"Verify upstream TLS certificate.","description_kind":"plain","optional":true}},"description":"Manages an MCP server replica URL in coreX Manager.","description_kind":"plain"}},"corex_mcp_skill":{"version":0,"block":{"attributes":{"description":{"type":"string","description":"Skill description.","description_kind":"plain","optional":true},"enable_when":{"type":"string","description":"Condition expression for when to enable the skill.","description_kind":"plain","optional":true},"enable_when_ast":{"type":"string","description":"JSON-encoded AST of the enable_when expression.","description_kind":"plain","computed":true},"enabled":{"type":"bool","description":"Whether the skill is enabled.","description_kind":"plain","optional":true},"id":{"type":"number","description":"Numeric ID assigned by coreX.","description_kind":"plain","computed":true},"name":{"type":"string","description":"Skill name (lowercase, hyphens only).","description_kind":"plain","required":true},"published_version_id":{"type":"number","description":"ID of the published skill version.","description_kind":"plain","computed":true},"tags":{"type":["list","string"],"description":"Skill tags.","description_kind":"plain","optional":true},"team_id":{"type":"number","description":"Team ID that owns this skill.","description_kind":"plain","required":true}},"description":"Manages an MCP gateway skill in coreX Manager.","description_kind":"plain"}},"corex_mcp_skill_version":{"version":0,"block":{"attributes":{"body":{"type":"string","description":"Skill body content (Markdown).","description_kind":"plain","required":true},"files":{"nested_type":{"attributes":{"content_b64":{"type":"string","description":"File content (base64-encoded).","description_kind":"plain","optional":true},"media_type":{"type":"string","description":"File media type.","description_kind":"plain","optional":true},"path":{"type":"string","description":"File path.","description_kind":"plain","optional":true}},"nesting_mode":"list"},"description":"Files attached to the skill version.","description_kind":"plain","optional":true},"frontmatter":{"type":"string","description":"JSON-encoded frontmatter metadata.","description_kind":"plain","optional":true},"id":{"type":"number","description":"Numeric ID assigned by coreX.","description_kind":"plain","computed":true},"skill_id":{"type":"number","description":"Parent skill ID.","description_kind":"plain","required":true},"version":{"type":"number","description":"Version number (assigned by server).","description_kind":"plain","computed":true}},"description":"Manages an MCP skill version in coreX Manager. Skill versions are immutable.","description_kind":"plain"}},"corex_mcp_team":{"version":0,"block":{"attributes":{"description":{"type":"string","description":"Team description.","description_kind":"plain","optional":true},"id":{"type":"number","description":"Numeric ID assigned by coreX.","description_kind":"plain","computed":true},"name":{"type":"string","description":"Team name.","description_kind":"plain","required":true},"slug":{"type":"string","description":"Team slug (lowercase, hyphens only).","description_kind":"plain","required":true}},"description":"Manages an MCP gateway team in coreX Manager.","description_kind":"plain"}},"corex_mcp_team_member":{"version":0,"block":{"attributes":{"id":{"type":"string","description":"Composite ID in the format {team_id}:{user_id}.","description_kind":"plain","computed":true},"team_id":{"type":"number","description":"Team ID.","description_kind":"plain","required":true},"user_id":{"type":"number","description":"User ID to add to the team.","description_kind":"plain","required":true}},"description":"Manages an MCP team membership in coreX Manager.","description_kind":"plain"}},"corex_network_list":{"version":0,"block":{"attributes":{"description":{"type":"string","description":"Optional description.","description_kind":"plain","optional":true},"entries":{"nested_type":{"attributes":{"id":{"type":"number","description":"Numeric ID assigned by coreX.","description_kind":"plain","computed":true},"note":{"type":"string","description":"Optional note.","description_kind":"plain","optional":true},"value":{"type":"string","description":"Entry value (e.g. CIDR or IP).","description_kind":"plain","required":true}},"nesting_mode":"list"},"description":"Inline entries for this list. When set, replaces all existing entries.","description_kind":"plain","optional":true},"id":{"type":"number","description":"Numeric ID assigned by coreX.","description_kind":"plain","computed":true},"name":{"type":"string","description":"List name.","description_kind":"plain","required":true}},"description":"Manages a network security list in coreX Manager. Entries can be managed inline or via separate corex_network_list_entry resources.","description_kind":"plain"}},"corex_network_list_entry":{"version":0,"block":{"attributes":{"id":{"type":"number","description":"Numeric ID assigned by coreX.","description_kind":"plain","computed":true},"list_id":{"type":"number","description":"ID of the parent network list.","description_kind":"plain","required":true},"note":{"type":"string","description":"Optional note.","description_kind":"plain","optional":true},"value":{"type":"string","description":"Entry value (e.g. CIDR or IP).","description_kind":"plain","required":true}},"description":"Manages an entry in a network security list in coreX Manager.","description_kind":"plain"}},"corex_page_protect_policy":{"version":0,"block":{"attributes":{"backend_ids":{"type":["list","number"],"description":"Backend IDs this policy applies to.","description_kind":"plain","optional":true},"directives":{"type":["map",["list","dynamic"]],"description":"Directives map (key -\u003e list of values).","description_kind":"plain","optional":true},"enabled":{"type":"bool","description":"Whether the policy is enabled.","description_kind":"plain","optional":true},"id":{"type":"number","description":"Numeric ID assigned by coreX.","description_kind":"plain","computed":true},"mode":{"type":"string","description":"Protection mode.","description_kind":"plain","optional":true},"name":{"type":"string","description":"Policy name.","description_kind":"plain","required":true},"report_path":{"type":"string","description":"Report path.","description_kind":"plain","optional":true},"sample_rate_percent":{"type":"number","description":"Sample rate percentage.","description_kind":"plain","optional":true}},"description":"Manages a page protection policy in coreX Manager.","description_kind":"plain"}},"corex_page_protect_script":{"version":0,"block":{"attributes":{"fetch_method":{"type":"string","description":"Fetch method.","description_kind":"plain","optional":true},"id":{"type":"number","description":"Numeric ID assigned by coreX.","description_kind":"plain","computed":true},"ignored":{"type":"bool","description":"Whether this script is ignored.","description_kind":"plain","optional":true},"notes":{"type":"string","description":"Notes.","description_kind":"plain","optional":true},"resource_type":{"type":"string","description":"Resource type.","description_kind":"plain","optional":true},"url":{"type":"string","description":"Script URL.","description_kind":"plain","required":true}},"description":"Manages a page protection script resource in coreX Manager.","description_kind":"plain"}},"corex_page_protect_settings":{"version":0,"block":{"attributes":{"auto_prune_stale_days":{"type":"number","description":"Auto-prune stale days.","description_kind":"plain","optional":true},"backend_ids":{"type":["list","number"],"description":"Backend IDs.","description_kind":"plain","optional":true},"beacon_content_types":{"type":["list","string"],"description":"Beacon content types.","description_kind":"plain","optional":true},"beacon_injection_enabled":{"type":"bool","description":"Enable beacon injection.","description_kind":"plain","optional":true},"beacon_paths":{"type":["list","string"],"description":"Beacon paths.","description_kind":"plain","optional":true},"beacon_patterns":{"type":["list","string"],"description":"Beacon patterns.","description_kind":"plain","optional":true},"beacon_trust_enabled":{"type":"bool","description":"Enable beacon trust.","description_kind":"plain","optional":true},"change_detection_enabled":{"type":"bool","description":"Enable change detection.","description_kind":"plain","optional":true},"change_detection_interval_hours":{"type":"number","description":"Change detection interval in hours.","description_kind":"plain","optional":true},"id":{"type":"string","description":"Fixed singleton identifier.","description_kind":"plain","computed":true},"monitoring_enabled":{"type":"bool","description":"Enable monitoring.","description_kind":"plain","optional":true},"report_path":{"type":"string","description":"Report path.","description_kind":"plain","optional":true},"report_retention_days":{"type":"number","description":"Report retention in days.","description_kind":"plain","optional":true}},"description":"Manages the page protection singleton settings in coreX Manager.","description_kind":"plain"}},"corex_pattern_list":{"version":0,"block":{"attributes":{"description":{"type":"string","description":"Optional description.","description_kind":"plain","optional":true},"entries":{"nested_type":{"attributes":{"id":{"type":"number","description":"Numeric ID assigned by coreX.","description_kind":"plain","computed":true},"note":{"type":"string","description":"Optional note.","description_kind":"plain","optional":true},"value":{"type":"string","description":"Entry value.","description_kind":"plain","required":true}},"nesting_mode":"list"},"description":"Inline entries for this list. When set, replaces all existing entries.","description_kind":"plain","optional":true},"id":{"type":"number","description":"Numeric ID assigned by coreX.","description_kind":"plain","computed":true},"name":{"type":"string","description":"List name.","description_kind":"plain","required":true}},"description":"Manages a pattern security list in coreX Manager.","description_kind":"plain"}},"corex_pattern_list_entry":{"version":0,"block":{"attributes":{"id":{"type":"number","description":"Numeric ID assigned by coreX.","description_kind":"plain","computed":true},"list_id":{"type":"number","description":"ID of the parent pattern list.","description_kind":"plain","required":true},"note":{"type":"string","description":"Optional note.","description_kind":"plain","optional":true},"value":{"type":"string","description":"Entry value (pattern).","description_kind":"plain","required":true}},"description":"Manages an entry in a pattern security list in coreX Manager.","description_kind":"plain"}},"corex_rate_limit":{"version":0,"block":{"attributes":{"action":{"type":"string","description":"Action on limit exceeded.","description_kind":"plain","optional":true},"burst":{"type":"number","description":"Burst allowance.","description_kind":"plain","optional":true},"duration_seconds":{"type":"number","description":"Duration of the action in seconds.","description_kind":"plain","optional":true},"events":{"type":"number","description":"Number of events allowed.","description_kind":"plain","optional":true},"expression":{"type":"string","description":"Match expression.","description_kind":"plain","optional":true},"id":{"type":"number","description":"Numeric ID assigned by coreX.","description_kind":"plain","computed":true},"limit_type":{"type":"string","description":"Limit type (sliding/fixed).","description_kind":"plain","optional":true},"listener_id":{"type":"number","description":"Listener ID the rate limit applies to.","description_kind":"plain","required":true},"name":{"type":"string","description":"Rate limit name.","description_kind":"plain","required":true},"rate_key":{"type":"string","description":"Rate key (source_ip/etc.).","description_kind":"plain","optional":true},"window_seconds":{"type":"number","description":"Time window in seconds.","description_kind":"plain","optional":true}},"description":"Manages a rate limit in coreX Manager.","description_kind":"plain"}},"corex_redirect":{"version":0,"block":{"attributes":{"code":{"type":"number","description":"HTTP redirect status code.","description_kind":"plain","optional":true},"id":{"type":"number","description":"Numeric ID assigned by coreX.","description_kind":"plain","computed":true},"listener_id":{"type":"number","description":"Listener ID the redirect is attached to.","description_kind":"plain","optional":true},"listener_ids":{"type":["list","number"],"description":"Listener IDs the redirect applies to.","description_kind":"plain","optional":true},"name":{"type":"string","description":"Redirect name.","description_kind":"plain","required":true},"preserve_query":{"type":"bool","description":"Preserve query string.","description_kind":"plain","optional":true},"priority":{"type":"number","description":"Redirect priority.","description_kind":"plain","optional":true},"source":{"type":"string","description":"Source pattern.","description_kind":"plain","optional":true},"target":{"type":"string","description":"Target URL.","description_kind":"plain","optional":true},"type":{"type":"string","description":"Redirect type (exact/prefix/regex).","description_kind":"plain","optional":true}},"description":"Manages a redirect rule in coreX Manager.","description_kind":"plain"}},"corex_request_header":{"version":0,"block":{"attributes":{"action":{"type":"string","description":"Action (set/add/del/etc.).","description_kind":"plain","required":true},"backend_id":{"type":"number","description":"Backend ID the rule is attached to.","description_kind":"plain","optional":true},"backend_ids":{"type":["list","number"],"description":"Backend IDs the rule applies to.","description_kind":"plain","optional":true},"condition":{"type":"string","description":"Condition expression.","description_kind":"plain","optional":true},"header":{"type":"string","description":"Header name.","description_kind":"plain","required":true},"id":{"type":"number","description":"Numeric ID assigned by coreX.","description_kind":"plain","computed":true},"value":{"type":"string","description":"Header value.","description_kind":"plain","optional":true}},"description":"Manages a request header manipulation rule in coreX Manager.","description_kind":"plain"}},"corex_response_header":{"version":0,"block":{"attributes":{"action":{"type":"string","description":"Action (set/add/del/etc.).","description_kind":"plain","required":true},"condition":{"type":"string","description":"Condition expression.","description_kind":"plain","optional":true},"header":{"type":"string","description":"Header name.","description_kind":"plain","required":true},"id":{"type":"number","description":"Numeric ID assigned by coreX.","description_kind":"plain","computed":true},"listener_id":{"type":"number","description":"Listener ID the rule is attached to.","description_kind":"plain","optional":true},"listener_ids":{"type":["list","number"],"description":"Listener IDs the rule applies to.","description_kind":"plain","optional":true},"value":{"type":"string","description":"Header value.","description_kind":"plain","optional":true}},"description":"Manages a response header manipulation rule in coreX Manager.","description_kind":"plain"}},"corex_response_transform":{"version":0,"block":{"attributes":{"backend_id":{"type":"number","description":"Backend ID the transform is attached to.","description_kind":"plain","optional":true},"backend_ids":{"type":["list","number"],"description":"Backend IDs the transform applies to.","description_kind":"plain","optional":true},"enabled":{"type":"bool","description":"Whether the transform is enabled.","description_kind":"plain","optional":true},"find_regex":{"type":"string","description":"Regex to find.","description_kind":"plain","optional":true},"id":{"type":"number","description":"Numeric ID assigned by coreX.","description_kind":"plain","computed":true},"inject_header":{"type":"string","description":"Header to inject.","description_kind":"plain","optional":true},"inject_value":{"type":"string","description":"Header value to inject.","description_kind":"plain","optional":true},"mask_pattern":{"type":"string","description":"Pattern to mask.","description_kind":"plain","optional":true},"mask_replacement":{"type":"string","description":"Mask replacement string.","description_kind":"plain","optional":true},"name":{"type":"string","description":"Transform name.","description_kind":"plain","required":true},"priority":{"type":"number","description":"Transform priority.","description_kind":"plain","optional":true},"replace_string":{"type":"string","description":"Replacement string.","description_kind":"plain","optional":true},"transform_type":{"type":"string","description":"Transform type (find_replace/inject/mask).","description_kind":"plain","required":true}},"description":"Manages a response transformation rule in coreX Manager.","description_kind":"plain"}},"corex_rewrite":{"version":0,"block":{"attributes":{"host_match":{"type":"string","description":"Host match pattern.","description_kind":"plain","optional":true},"id":{"type":"number","description":"Numeric ID assigned by coreX.","description_kind":"plain","computed":true},"listener_id":{"type":"number","description":"Listener ID the rewrite is attached to.","description_kind":"plain","optional":true},"listener_ids":{"type":["list","number"],"description":"Listener IDs the rewrite applies to.","description_kind":"plain","optional":true},"name":{"type":"string","description":"Rewrite name.","description_kind":"plain","required":true},"priority":{"type":"number","description":"Rewrite priority.","description_kind":"plain","optional":true},"source_regex":{"type":"string","description":"Source regex pattern.","description_kind":"plain","optional":true},"target":{"type":"string","description":"Replacement target.","description_kind":"plain","optional":true},"type":{"type":"string","description":"Rewrite type (path/query/host).","description_kind":"plain","optional":true}},"description":"Manages a URL rewrite rule in coreX Manager.","description_kind":"plain"}},"corex_risk_rule":{"version":0,"block":{"attributes":{"category":{"type":"string","description":"Rule category.","description_kind":"plain","optional":true},"enabled":{"type":"bool","description":"Whether the rule is enabled.","description_kind":"plain","optional":true},"expression":{"type":"string","description":"Risk expression.","description_kind":"plain","required":true},"id":{"type":"number","description":"Numeric ID assigned by coreX.","description_kind":"plain","computed":true},"listener_ids":{"type":["list","number"],"description":"Listener IDs the rule applies to.","description_kind":"plain","optional":true},"log":{"type":"bool","description":"Whether to log matches.","description_kind":"plain","optional":true},"name":{"type":"string","description":"Rule name.","description_kind":"plain","required":true},"points":{"type":"number","description":"Risk points (-99 to 99).","description_kind":"plain","optional":true},"priority":{"type":"number","description":"Rule priority (computed).","description_kind":"plain","computed":true},"ruleset_id":{"type":"number","description":"Owning ruleset ID.","description_kind":"plain","optional":true}},"description":"Manages a risk-scoring security rule in coreX Manager.","description_kind":"plain"}},"corex_risk_ruleset":{"version":0,"block":{"attributes":{"description":{"type":"string","description":"Ruleset description.","description_kind":"plain","optional":true},"enabled":{"type":"bool","description":"Whether the ruleset is enabled.","description_kind":"plain","optional":true},"id":{"type":"number","description":"Numeric ID assigned by coreX.","description_kind":"plain","computed":true},"name":{"type":"string","description":"Ruleset name.","description_kind":"plain","required":true},"priority":{"type":"number","description":"Ruleset priority (computed).","description_kind":"plain","computed":true},"rule_count":{"type":"number","description":"Number of rules in the ruleset (computed).","description_kind":"plain","computed":true},"slug":{"type":"string","description":"Ruleset slug (computed).","description_kind":"plain","computed":true}},"description":"Manages a risk ruleset in coreX Manager.","description_kind":"plain"}},"corex_security_rule":{"version":0,"block":{"attributes":{"action":{"type":"string","description":"Action to take (allow/deny/redirect/etc.).","description_kind":"plain","required":true},"enabled":{"type":"bool","description":"Whether the rule is enabled.","description_kind":"plain","optional":true},"error_page_id":{"type":"number","description":"Error page ID for error action.","description_kind":"plain","optional":true},"expression":{"type":"string","description":"Match expression.","description_kind":"plain","optional":true},"id":{"type":"number","description":"Numeric ID assigned by coreX.","description_kind":"plain","computed":true},"listener_ids":{"type":["list","number"],"description":"Listener IDs the rule applies to.","description_kind":"plain","optional":true},"log":{"type":"bool","description":"Enable logging.","description_kind":"plain","optional":true},"name":{"type":"string","description":"Security rule name.","description_kind":"plain","required":true},"no_log":{"type":"bool","description":"Disable logging.","description_kind":"plain","optional":true},"priority":{"type":"number","description":"Rule priority (assigned by coreX).","description_kind":"plain","computed":true},"redirect_code":{"type":"number","description":"Redirect HTTP status code.","description_kind":"plain","optional":true},"redirect_url":{"type":"string","description":"Redirect URL for redirect action.","description_kind":"plain","optional":true},"status_code":{"type":"number","description":"HTTP status code for deny action.","description_kind":"plain","optional":true}},"description":"Manages a security rule in coreX Manager.","description_kind":"plain"}},"corex_server":{"version":0,"block":{"attributes":{"address":{"type":"string","description":"Server address (IP or hostname).","description_kind":"plain","required":true},"agent_check":{"type":"bool","description":"Enable agent health checks.","description_kind":"plain","optional":true},"agent_port":{"type":"number","description":"Port for agent health checks.","description_kind":"plain","optional":true},"alpn":{"type":"string","description":"ALPN protocols to negotiate.","description_kind":"plain","optional":true},"backend_id":{"type":"number","description":"ID of the backend this server belongs to.","description_kind":"plain","required":true},"backup":{"type":"bool","description":"Mark this server as a backup.","description_kind":"plain","optional":true},"check":{"type":"bool","description":"Enable health checks on this server.","description_kind":"plain","optional":true},"check_port":{"type":"number","description":"Port to use for health checks.","description_kind":"plain","optional":true},"check_sni":{"type":"string","description":"SNI hostname for health checks.","description_kind":"plain","optional":true},"check_ssl":{"type":"bool","description":"Enable SSL for health checks.","description_kind":"plain","optional":true},"ciphers":{"type":"string","description":"SSL ciphers to use.","description_kind":"plain","optional":true},"fall":{"type":"number","description":"Number of failed checks before server is considered down.","description_kind":"plain","optional":true},"id":{"type":"number","description":"Numeric ID assigned by coreX.","description_kind":"plain","computed":true},"init_addr":{"type":"string","description":"Initial address before DNS resolution.","description_kind":"plain","optional":true},"inter":{"type":"number","description":"Health check interval in ms.","description_kind":"plain","optional":true},"maxconn":{"type":"number","description":"Maximum connections to this server.","description_kind":"plain","optional":true},"maxqueue":{"type":"number","description":"Maximum queue length.","description_kind":"plain","optional":true},"name":{"type":"string","description":"Server name.","description_kind":"plain","required":true},"port":{"type":"number","description":"Server port.","description_kind":"plain","required":true},"protocol":{"type":"string","description":"Server protocol.","description_kind":"plain","optional":true},"resolve":{"type":"bool","description":"Resolve server address via DNS.","description_kind":"plain","optional":true},"rise":{"type":"number","description":"Number of successful checks before server is considered up.","description_kind":"plain","optional":true},"send_proxy":{"type":"bool","description":"Send PROXY protocol v1 to backend.","description_kind":"plain","optional":true},"send_proxy_v2":{"type":"bool","description":"Send PROXY protocol v2 to backend.","description_kind":"plain","optional":true},"slowstart":{"type":"number","description":"Slow start time in ms.","description_kind":"plain","optional":true},"sni":{"type":"string","description":"SNI hostname for SSL.","description_kind":"plain","optional":true},"ssl":{"type":"bool","description":"Enable SSL to backend.","description_kind":"plain","optional":true},"track":{"type":"string","description":"Track another server's state.","description_kind":"plain","optional":true},"verify":{"type":"string","description":"SSL verification level (none/required).","description_kind":"plain","optional":true},"verifyhost":{"type":"string","description":"Hostname to verify against SSL certificate.","description_kind":"plain","optional":true},"weight":{"type":"number","description":"Server weight for load balancing.","description_kind":"plain","optional":true}},"description":"Manages a backend server in coreX Manager.","description_kind":"plain"}},"corex_setting":{"version":0,"block":{"attributes":{"id":{"type":"string","description":"Setting key (used as the state ID).","description_kind":"plain","computed":true},"key":{"type":"string","description":"Setting key.","description_kind":"plain","required":true},"value":{"type":"string","description":"Setting value.","description_kind":"plain","required":true}},"description":"Manages a key/value setting in coreX Manager.","description_kind":"plain"}},"corex_ssl_labs_settings":{"version":0,"block":{"attributes":{"cert_id":{"type":"number","description":"Certificate ID these settings apply to.","description_kind":"plain","required":true},"id":{"type":"string","description":"Certificate ID (as string) identifying this singleton.","description_kind":"plain","computed":true},"max_scans_per_host":{"type":"number","description":"Maximum concurrent SSL Labs scans per host.","description_kind":"plain","optional":true}},"description":"Manages SSL Labs scan settings for a certificate in coreX Manager (singleton per cert).","description_kind":"plain"}},"corex_user":{"version":0,"block":{"attributes":{"email":{"type":"string","description":"User email.","description_kind":"plain","optional":true},"first_name":{"type":"string","description":"User first name.","description_kind":"plain","optional":true},"id":{"type":"number","description":"Numeric ID assigned by coreX.","description_kind":"plain","computed":true},"is_active":{"type":"bool","description":"Whether the user is active.","description_kind":"plain","computed":true},"last_name":{"type":"string","description":"User last name.","description_kind":"plain","optional":true},"organization":{"type":"string","description":"User organization.","description_kind":"plain","optional":true},"password":{"type":"string","description":"User password (write-only).","description_kind":"plain","optional":true,"sensitive":true},"password_expired":{"type":"bool","description":"Whether the user's password has expired.","description_kind":"plain","computed":true},"role":{"type":"string","description":"User role.","description_kind":"plain","optional":true},"username":{"type":"string","description":"Username.","description_kind":"plain","required":true}},"description":"Manages a user in coreX Manager.","description_kind":"plain"}},"corex_waf_exception":{"version":0,"block":{"attributes":{"action":{"type":"string","description":"Action (accept/pass/etc.).","description_kind":"plain","optional":true},"description":{"type":"string","description":"Exception description.","description_kind":"plain","optional":true},"id":{"type":"number","description":"Numeric ID assigned by coreX.","description_kind":"plain","computed":true},"matcher":{"type":"string","description":"Matcher operator.","description_kind":"plain","optional":true},"name":{"type":"string","description":"Exception name.","description_kind":"plain","required":true},"rule_id":{"type":"string","description":"ModSecurity rule ID to except.","description_kind":"plain","optional":true},"rule_msg":{"type":"string","description":"Rule message to except.","description_kind":"plain","optional":true},"rule_tag":{"type":"string","description":"Rule tag to except.","description_kind":"plain","optional":true},"value":{"type":"string","description":"Match value.","description_kind":"plain","optional":true},"variable":{"type":"string","description":"Variable to except.","description_kind":"plain","optional":true},"waf_rule_id":{"type":"number","description":"WAF rule ID the exception applies to (null = global exception).","description_kind":"plain","optional":true},"zone":{"type":"string","description":"Zone (request_headers/request_body/etc.).","description_kind":"plain","optional":true}},"description":"Manages a WAF exception in coreX Manager.","description_kind":"plain"}},"corex_waf_rule":{"version":0,"block":{"attributes":{"action":{"type":"string","description":"Action on rule match.","description_kind":"plain","optional":true},"backend_id":{"type":"number","description":"Backend ID the WAF rule is attached to.","description_kind":"plain","optional":true},"enabled":{"type":"bool","description":"Whether the WAF rule is enabled.","description_kind":"plain","optional":true},"engine":{"type":"string","description":"WAF engine (modsecurity/coraza).","description_kind":"plain","optional":true},"fail_open":{"type":"bool","description":"Fail open if WAF engine is unavailable.","description_kind":"plain","optional":true},"http_methods":{"type":["list","string"],"description":"HTTP methods to inspect.","description_kind":"plain","optional":true},"id":{"type":"number","description":"Numeric ID assigned by coreX.","description_kind":"plain","computed":true},"inbound_anomaly_threshold":{"type":"number","description":"Inbound anomaly score threshold.","description_kind":"plain","optional":true},"listener_id":{"type":"number","description":"Listener ID the WAF rule is attached to.","description_kind":"plain","optional":true},"name":{"type":"string","description":"WAF rule name.","description_kind":"plain","required":true},"outbound_anomaly_threshold":{"type":"number","description":"Outbound anomaly score threshold.","description_kind":"plain","optional":true},"paranoia_level":{"type":"number","description":"Paranoia level (1-4).","description_kind":"plain","optional":true},"path_pattern":{"type":"string","description":"Path pattern to match.","description_kind":"plain","optional":true},"redirect_url":{"type":"string","description":"Redirect URL for redirect action.","description_kind":"plain","optional":true},"rule_set":{"type":"string","description":"Rule set name.","description_kind":"plain","optional":true},"rule_set_auto_update":{"type":"bool","description":"Enable automatic rule set updates.","description_kind":"plain","optional":true},"rule_set_sha256":{"type":"string","description":"Rule set SHA256 checksum.","description_kind":"plain","optional":true},"rule_set_update_interval_hours":{"type":"number","description":"Auto-update interval in hours.","description_kind":"plain","optional":true},"rule_set_url":{"type":"string","description":"Rule set download URL.","description_kind":"plain","optional":true},"rule_set_version":{"type":"string","description":"Rule set version.","description_kind":"plain","optional":true},"siem_integration_id":{"type":"number","description":"SIEM integration ID.","description_kind":"plain","optional":true},"status_code":{"type":"number","description":"HTTP status code for deny action.","description_kind":"plain","optional":true}},"description":"Manages a WAF rule in coreX Manager.","description_kind":"plain"}}},"data_source_schemas":{"corex_asn_lookup":{"version":0,"block":{"attributes":{"ip":{"type":"string","description":"IP address to look up.","description_kind":"plain","required":true},"result_json":{"type":"string","description":"Raw JSON of the ASN lookup result.","description_kind":"plain","computed":true}},"description":"Looks up ASN information for an IP address.","description_kind":"plain"}},"corex_audit_events":{"version":0,"block":{"attributes":{"events_json":{"type":"string","description":"Raw JSON of the audit events response.","description_kind":"plain","computed":true},"limit":{"type":"number","description":"Maximum number of events to return. Defaults to 100.","description_kind":"plain","optional":true}},"description":"Returns recent coreX audit events as raw JSON.","description_kind":"plain"}},"corex_backend":{"version":0,"block":{"attributes":{"algorithm":{"type":"string","description":"Load balancing algorithm.","description_kind":"plain","computed":true},"id":{"type":"number","description":"Numeric ID of the backend.","description_kind":"plain","computed":true},"mode":{"type":"string","description":"HAProxy mode.","description_kind":"plain","computed":true},"name":{"type":"string","description":"Backend name to look up.","description_kind":"plain","required":true},"protocol":{"type":"string","description":"Backend protocol.","description_kind":"plain","computed":true}},"description":"Looks up a coreX backend by name.","description_kind":"plain"}},"corex_config_diff":{"version":0,"block":{"attributes":{"diff":{"type":"string","description":"Configuration diff.","description_kind":"plain","computed":true}},"description":"Returns the diff between the current and pending coreX configuration.","description_kind":"plain"}},"corex_config_preview":{"version":0,"block":{"attributes":{"config":{"type":"string","description":"Preview of the generated configuration.","description_kind":"plain","computed":true}},"description":"Returns the preview of the generated coreX configuration.","description_kind":"plain"}},"corex_config_snapshots":{"version":0,"block":{"attributes":{"snapshots":{"type":["list",["object",{"created_at":"string","description":"string","id":"number","status":"string"}]],"description":"List of configuration snapshots.","description_kind":"plain","computed":true}},"description":"Returns the list of coreX configuration snapshots.","description_kind":"plain"}},"corex_config_status":{"version":0,"block":{"attributes":{"last_applied_at":{"type":"string","description":"Timestamp of last applied configuration.","description_kind":"plain","computed":true},"pending_changes":{"type":"bool","description":"Whether there are pending changes.","description_kind":"plain","computed":true},"status":{"type":"string","description":"Configuration status.","description_kind":"plain","computed":true}},"description":"Returns the current coreX configuration status.","description_kind":"plain"}},"corex_geoip_status":{"version":0,"block":{"attributes":{"status_json":{"type":"string","description":"Raw JSON of the GeoIP status response.","description_kind":"plain","computed":true}},"description":"Returns the GeoIP settings status as raw JSON.","description_kind":"plain"}},"corex_haproxy_stats":{"version":0,"block":{"attributes":{"stats_json":{"type":"string","description":"Raw JSON of the HAProxy stats response.","description_kind":"plain","computed":true}},"description":"Returns HAProxy statistics as raw JSON.","description_kind":"plain"}},"corex_health":{"version":0,"block":{"attributes":{"health_json":{"type":"string","description":"Raw JSON of the health response.","description_kind":"plain","computed":true},"status":{"type":"string","description":"Health status string.","description_kind":"plain","computed":true}},"description":"Returns coreX system health status.","description_kind":"plain"}},"corex_listener":{"version":0,"block":{"attributes":{"bind_address":{"type":"string","description":"Bind address.","description_kind":"plain","computed":true},"bind_port":{"type":"number","description":"Bind port.","description_kind":"plain","computed":true},"default_backend_id":{"type":"number","description":"Default backend ID.","description_kind":"plain","computed":true},"id":{"type":"number","description":"Numeric ID of the listener.","description_kind":"plain","computed":true},"mode":{"type":"string","description":"HAProxy mode.","description_kind":"plain","computed":true},"name":{"type":"string","description":"Listener name to look up.","description_kind":"plain","required":true},"protocol":{"type":"string","description":"Listener protocol.","description_kind":"plain","computed":true},"ssl_enabled":{"type":"bool","description":"Whether SSL is enabled.","description_kind":"plain","computed":true}},"description":"Looks up a coreX listener by name.","description_kind":"plain"}},"corex_mcp_config_status":{"version":0,"block":{"attributes":{"bundle_size":{"type":"number","description":"Size of the generated MCP bundle in bytes.","description_kind":"plain","computed":true},"config_path":{"type":"string","description":"Path to the MCP config file.","description_kind":"plain","computed":true},"last_generated":{"type":"string","description":"Timestamp of last MCP config generation.","description_kind":"plain","computed":true}},"description":"Returns the MCP configuration status.","description_kind":"plain"}},"corex_mcp_events":{"version":0,"block":{"attributes":{"events_json":{"type":"string","description":"Raw JSON of the MCP events response.","description_kind":"plain","computed":true},"limit":{"type":"number","description":"Maximum number of events to return. Defaults to 100.","description_kind":"plain","optional":true}},"description":"Returns recent MCP events as raw JSON.","description_kind":"plain"}},"corex_mcp_gateway_status":{"version":0,"block":{"attributes":{"status_json":{"type":"string","description":"Raw JSON of the MCP gateway status response.","description_kind":"plain","computed":true}},"description":"Returns the MCP gateway status as raw JSON.","description_kind":"plain"}},"corex_mcp_marketplace_search":{"version":0,"block":{"attributes":{"query":{"type":"string","description":"Search query.","description_kind":"plain","required":true},"results_json":{"type":"string","description":"Raw JSON of the marketplace search results.","description_kind":"plain","computed":true}},"description":"Searches the MCP marketplace.","description_kind":"plain"}},"corex_recent_logs":{"version":0,"block":{"attributes":{"limit":{"type":"number","description":"Maximum number of log entries to return. Defaults to 100.","description_kind":"plain","optional":true},"logs_json":{"type":"string","description":"Raw JSON of the recent logs response.","description_kind":"plain","computed":true}},"description":"Returns recent coreX logs as raw JSON.","description_kind":"plain"}},"corex_ssl_labs_scans":{"version":0,"block":{"attributes":{"cert_id":{"type":"number","description":"Certificate ID.","description_kind":"plain","required":true},"scans_json":{"type":"string","description":"Raw JSON of the SSL Labs scans response.","description_kind":"plain","computed":true}},"description":"Returns SSL Labs scans for a certificate as raw JSON.","description_kind":"plain"}},"corex_stick_table":{"version":0,"block":{"attributes":{"limit":{"type":"number","description":"Maximum number of entries to return. Defaults to 100.","description_kind":"plain","optional":true},"name":{"type":"string","description":"Stick table name.","description_kind":"plain","required":true},"table_json":{"type":"string","description":"Raw JSON of the stick table response.","description_kind":"plain","computed":true}},"description":"Returns a single HAProxy stick table by name as raw JSON.","description_kind":"plain"}},"corex_stick_tables":{"version":0,"block":{"attributes":{"tables_json":{"type":"string","description":"Raw JSON of the stick tables response.","description_kind":"plain","computed":true}},"description":"Returns the list of HAProxy stick tables as raw JSON.","description_kind":"plain"}},"corex_system_stats":{"version":0,"block":{"attributes":{"stats_json":{"type":"string","description":"Raw JSON of the system stats response.","description_kind":"plain","computed":true}},"description":"Returns coreX system statistics as raw JSON.","description_kind":"plain"}},"corex_valkey_info":{"version":0,"block":{"attributes":{"info_json":{"type":"string","description":"Raw JSON of the Valkey info response.","description_kind":"plain","computed":true}},"description":"Returns Valkey server info as raw JSON.","description_kind":"plain"}},"corex_valkey_namespaces":{"version":0,"block":{"attributes":{"namespaces_json":{"type":"string","description":"Raw JSON of the Valkey namespaces response.","description_kind":"plain","computed":true}},"description":"Returns the list of Valkey namespaces as raw JSON.","description_kind":"plain"}}}}}}
